{
  "name": "azure-typescript-e2e-apps",
  "version": "1.0.0",
  "lockfileVersion": 3,
  "requires": true,
  "packages": {
    "": {
      "name": "azure-typescript-e2e-apps",
      "version": "1.0.0",
      "workspaces": [
        "lib-openai/",
        "cli-openai/"
      ],
      "devDependencies": {}
    }
  }
}
